
Microsoft Visual Studio Solution File, Format Version 12.00
Project("{FAE04EC0-301F-11D3-BF4B-00C04F79EFBC}") = "DocFxToTemplate", "src\DocFxToTemplate\DocFxToTemplate.csproj", "{7E4D53D2-3A2B-4DD4-9E7B-FB5C2A18C312}"
EndProject
Project("{FAE04EC0-301F-11D3-BF4B-00C04F79EFBC}") = "DocFxToTemplate.Tool", "src\DocFxToTemplate.Tool\DocFxToTemplate.Tool.csproj", "{AC9E96F2-F0DB-421F-8CE4-291EEE985498}"
EndProject
Project("{FAE04EC0-301F-11D3-BF4B-00C04F79EFBC}") = "DocFxToTemplate.Example1", "src\example\DocFxToTemplate.Example1\DocFxToTemplate.Example1.csproj", "{6058369A-DF5B-461B-8D60-32D485BD93B0}"
EndProject
Project("{FAE04EC0-301F-11D3-BF4B-00C04F79EFBC}") = "DocFxToTemplate.Example2", "src\example\DocFxToTemplate.Example2\DocFxToTemplate.Example2.csproj", "{52D921A9-DD54-4C35-9774-F857DD3D54F6}"
EndProject
Global
	GlobalSection(SolutionConfigurationPlatforms) = preSolution
		Debug|Any CPU = Debug|Any CPU
		Release|Any CPU = Release|Any CPU
	EndGlobalSection
	GlobalSection(ProjectConfigurationPlatforms) = postSolution
		{7E4D53D2-3A2B-4DD4-9E7B-FB5C2A18C312}.Debug|Any CPU.ActiveCfg = Debug|Any CPU
		{7E4D53D2-3A2B-4DD4-9E7B-FB5C2A18C312}.Debug|Any CPU.Build.0 = Debug|Any CPU
		{7E4D53D2-3A2B-4DD4-9E7B-FB5C2A18C312}.Release|Any CPU.ActiveCfg = Release|Any CPU
		{7E4D53D2-3A2B-4DD4-9E7B-FB5C2A18C312}.Release|Any CPU.Build.0 = Release|Any CPU
		{AC9E96F2-F0DB-421F-8CE4-291EEE985498}.Debug|Any CPU.ActiveCfg = Debug|Any CPU
		{AC9E96F2-F0DB-421F-8CE4-291EEE985498}.Debug|Any CPU.Build.0 = Debug|Any CPU
		{AC9E96F2-F0DB-421F-8CE4-291EEE985498}.Release|Any CPU.ActiveCfg = Release|Any CPU
		{AC9E96F2-F0DB-421F-8CE4-291EEE985498}.Release|Any CPU.Build.0 = Release|Any CPU
		{6058369A-DF5B-461B-8D60-32D485BD93B0}.Debug|Any CPU.ActiveCfg = Debug|Any CPU
		{6058369A-DF5B-461B-8D60-32D485BD93B0}.Debug|Any CPU.Build.0 = Debug|Any CPU
		{6058369A-DF5B-461B-8D60-32D485BD93B0}.Release|Any CPU.ActiveCfg = Release|Any CPU
		{6058369A-DF5B-461B-8D60-32D485BD93B0}.Release|Any CPU.Build.0 = Release|Any CPU
		{52D921A9-DD54-4C35-9774-F857DD3D54F6}.Debug|Any CPU.ActiveCfg = Debug|Any CPU
		{52D921A9-DD54-4C35-9774-F857DD3D54F6}.Debug|Any CPU.Build.0 = Debug|Any CPU
		{52D921A9-DD54-4C35-9774-F857DD3D54F6}.Release|Any CPU.ActiveCfg = Release|Any CPU
		{52D921A9-DD54-4C35-9774-F857DD3D54F6}.Release|Any CPU.Build.0 = Release|Any CPU
	EndGlobalSection
EndGlobal
